// !$*UTF8*$!
{
	archiveVersion = 1;
	classes = {
	};
	objectVersion = 55;
	objects = {

/* Begin PBXBuildFile section */
		389E267425BAA49AF9594F13 /* Pods_iNews.framework in Frameworks */ = {isa = PBXBuildFile; fileRef = 9F735DEFD82BBC0E299C812B /* Pods_iNews.framework */; };
		7B28CDF927B1911600C69C62 /* AppDelegate.swift in Sources */ = {isa = PBXBuildFile; fileRef = 7B28CDF827B1911600C69C62 /* AppDelegate.swift */; };
		7B28CDFB27B1911600C69C62 /* SceneDelegate.swift in Sources */ = {isa = PBXBuildFile; fileRef = 7B28CDFA27B1911600C69C62 /* SceneDelegate.swift */; };
		7B28CDFD27B1911600C69C62 /* ViewController.swift in Sources */ = {isa = PBXBuildFile; fileRef = 7B28CDFC27B1911600C69C62 /* ViewController.swift */; };
		7B28CE0027B1911600C69C62 /* Main.storyboard in Resources */ = {isa = PBXBuildFile; fileRef = 7B28CDFE27B1911600C69C62 /* Main.storyboard */; };
		7B28CE0327B1911600C69C62 /* iNews.xcdatamodeld in Sources */ = {isa = PBXBuildFile; fileRef = 7B28CE0127B1911600C69C62 /* iNews.xcdatamodeld */; };
		7B28CE0527B1911A00C69C62 /* Assets.xcassets in Resources */ = {isa = PBXBuildFile; fileRef = 7B28CE0427B1911A00C69C62 /* Assets.xcassets */; };
		7B28CE0827B1911A00C69C62 /* LaunchScreen.storyboard in Resources */ = {isa = PBXBuildFile; fileRef = 7B28CE0627B1911A00C69C62 /* LaunchScreen.storyboard */; };
		7B28CE1427B19A2F00C69C62 /* DetailViewController.swift in Sources */ = {isa = PBXBuildFile; fileRef = 7B28CE1327B19A2F00C69C62 /* DetailViewController.swift */; };
		7B28CE1627B1A4DD00C69C62 /* NewsCommunications.swift in Sources */ = {isa = PBXBuildFile; fileRef = 7B28CE1527B1A4DD00C69C62 /* NewsCommunications.swift */; };
		7B28CE1A27B1B0F400C69C62 /* Article.swift in Sources */ = {isa = PBXBuildFile; fileRef = 7B28CE1927B1B0F400C69C62 /* Article.swift */; };
		7B28CE1C27B1B34300C69C62 /* Result.swift in Sources */ = {isa = PBXBuildFile; fileRef = 7B28CE1B27B1B34300C69C62 /* Result.swift */; };
		7B28CE2127B1CC7D00C69C62 /* ArticlesTableViewCell.swift in Sources */ = {isa = PBXBuildFile; fileRef = 7B28CE2027B1CC7D00C69C62 /* ArticlesTableViewCell.swift */; };
		7B28CE2427B1D08D00C69C62 /* ArticlePresenter.swift in Sources */ = {isa = PBXBuildFile; fileRef = 7B28CE2327B1D08D00C69C62 /* ArticlePresenter.swift */; };
		7B28CE2727B1E47F00C69C62 /* Date.swift in Sources */ = {isa = PBXBuildFile; fileRef = 7B28CE2627B1E47F00C69C62 /* Date.swift */; };
/* End PBXBuildFile section */

/* Begin PBXFileReference section */
		7B28CDF527B1911600C69C62 /* iNews.app */ = {isa = PBXFileReference; explicitFileType = wrapper.application; includeInIndex = 0; path = iNews.app; sourceTree = BUILT_PRODUCTS_DIR; };
		7B28CDF827B1911600C69C62 /* AppDelegate.swift */ = {isa = PBXFileReference; lastKnownFileType = sourcecode.swift; path = AppDelegate.swift; sourceTree = "<group>"; };
		7B28CDFA27B1911600C69C62 /* SceneDelegate.swift */ = {isa = PBXFileReference; lastKnownFileType = sourcecode.swift; path = SceneDelegate.swift; sourceTree = "<group>"; };
		7B28CDFC27B1911600C69C62 /* ViewController.swift */ = {isa = PBXFileReference; lastKnownFileType = sourcecode.swift; path = ViewController.swift; sourceTree = "<group>"; };
		7B28CDFF27B1911600C69C62 /* Base */ = {isa = PBXFileReference; lastKnownFileType = file.storyboard; name = Base; path = Base.lproj/Main.storyboard; sourceTree = "<group>"; };
		7B28CE0227B1911600C69C62 /* iNews.xcdatamodel */ = {isa = PBXFileReference; lastKnownFileType = wrapper.xcdatamodel; path = iNews.xcdatamodel; sourceTree = "<group>"; };
		7B28CE0427B1911A00C69C62 /* Assets.xcassets */ = {isa = PBXFileReference; lastKnownFileType = folder.assetcatalog; path = Assets.xcassets; sourceTree = "<group>"; };
		7B28CE0727B1911A00C69C62 /* Base */ = {isa = PBXFileReference; lastKnownFileType = file.storyboard; name = Base; path = Base.lproj/LaunchScreen.storyboard; sourceTree = "<group>"; };
		7B28CE0927B1911A00C69C62 /* Info.plist */ = {isa = PBXFileReference; lastKnownFileType = text.plist.xml; path = Info.plist; sourceTree = "<group>"; };
		7B28CE1327B19A2F00C69C62 /* DetailViewController.swift */ = {isa = PBXFileReference; lastKnownFileType = sourcecode.swift; path = DetailViewController.swift; sourceTree = "<group>"; };
		7B28CE1527B1A4DD00C69C62 /* NewsCommunications.swift */ = {isa = PBXFileReference; lastKnownFileType = sourcecode.swift; path = NewsCommunications.swift; sourceTree = "<group>"; };
		7B28CE1927B1B0F400C69C62 /* Article.swift */ = {isa = PBXFileReference; lastKnownFileType = sourcecode.swift; path = Article.swift; sourceTree = "<group>"; };
		7B28CE1B27B1B34300C69C62 /* Result.swift */ = {isa = PBXFileReference; lastKnownFileType = sourcecode.swift; path = Result.swift; sourceTree = "<group>"; };
		7B28CE2027B1CC7D00C69C62 /* ArticlesTableViewCell.swift */ = {isa = PBXFileReference; lastKnownFileType = sourcecode.swift; path = ArticlesTableViewCell.swift; sourceTree = "<group>"; };
		7B28CE2327B1D08D00C69C62 /* ArticlePresenter.swift */ = {isa = PBXFileReference; lastKnownFileType = sourcecode.swift; path = ArticlePresenter.swift; sourceTree = "<group>"; };
		7B28CE2627B1E47F00C69C62 /* Date.swift */ = {isa = PBXFileReference; lastKnownFileType = sourcecode.swift; path = Date.swift; sourceTree = "<group>"; };
		8EF4933B2C4D4DB2C4AEC104 /* Pods-iNews.release.xcconfig */ = {isa = PBXFileReference; includeInIndex = 1; lastKnownFileType = text.xcconfig; name = "Pods-iNews.release.xcconfig"; path = "Target Support Files/Pods-iNews/Pods-iNews.release.xcconfig"; sourceTree = "<group>"; };
		9F735DEFD82BBC0E299C812B /* Pods_iNews.framework */ = {isa = PBXFileReference; explicitFileType = wrapper.framework; includeInIndex = 0; path = Pods_iNews.framework; sourceTree = BUILT_PRODUCTS_DIR; };
		E1BD06E639EC52575D71547D /* Pods-iNews.debug.xcconfig */ = {isa = PBXFileReference; includeInIndex = 1; lastKnownFileType = text.xcconfig; name = "Pods-iNews.debug.xcconfig"; path = "Target Support Files/Pods-iNews/Pods-iNews.debug.xcconfig"; sourceTree = "<group>"; };
/* End PBXFileReference section */

/* Begin PBXFrameworksBuildPhase section */
		7B28CDF227B1911600C69C62 /* Frameworks */ = {
			isa = PBXFrameworksBuildPhase;
			buildActionMask = 2147483647;
			files = (
				389E267425BAA49AF9594F13 /* Pods_iNews.framework in Frameworks */,
			);
			runOnlyForDeploymentPostprocessing = 0;
		};
/* End PBXFrameworksBuildPhase section */

/* Begin PBXGroup section */
		7B28CDEC27B1911600C69C62 = {
			isa = PBXGroup;
			children = (
				7B28CDF727B1911600C69C62 /* iNews */,
				7B28CDF627B1911600C69C62 /* Products */,
				B0539607A6DE7FAC0BE61F83 /* Pods */,
				9AA524490A95E06A31E04796 /* Frameworks */,
			);
			sourceTree = "<group>";
		};
		7B28CDF627B1911600C69C62 /* Products */ = {
			isa = PBXGroup;
			children = (
				7B28CDF527B1911600C69C62 /* iNews.app */,
			);
			name = Products;
			sourceTree = "<group>";
		};
		7B28CDF727B1911600C69C62 /* iNews */ = {
			isa = PBXGroup;
			children = (
				7B28CE2527B1E47100C69C62 /* Extensions */,
				7B28CE1027B195E300C69C62 /* Communications */,
				7B28CE0F27B195DB00C69C62 /* Model */,
				7B28CE1227B195F600C69C62 /* Presenter */,
				7B28CE2227B1CEB100C69C62 /* UI */,
				7B28CDF827B1911600C69C62 /* AppDelegate.swift */,
				7B28CDFA27B1911600C69C62 /* SceneDelegate.swift */,
				7B28CDFE27B1911600C69C62 /* Main.storyboard */,
				7B28CE0427B1911A00C69C62 /* Assets.xcassets */,
				7B28CE0627B1911A00C69C62 /* LaunchScreen.storyboard */,
				7B28CE0927B1911A00C69C62 /* Info.plist */,
				7B28CE0127B1911600C69C62 /* iNews.xcdatamodeld */,
			);
			path = iNews;
			sourceTree = "<group>";
		};
		7B28CE0F27B195DB00C69C62 /* Model */ = {
			isa = PBXGroup;
			children = (
				7B28CE1927B1B0F400C69C62 /* Article.swift */,
				7B28CE1B27B1B34300C69C62 /* Result.swift */,
			);
			path = Model;
			sourceTree = "<group>";
		};
		7B28CE1027B195E300C69C62 /* Communications */ = {
			isa = PBXGroup;
			children = (
				7B28CE1527B1A4DD00C69C62 /* NewsCommunications.swift */,
			);
			path = Communications;
			sourceTree = "<group>";
		};
		7B28CE1127B195EC00C69C62 /* ViewController */ = {
			isa = PBXGroup;
			children = (
				7B28CDFC27B1911600C69C62 /* ViewController.swift */,
				7B28CE1327B19A2F00C69C62 /* DetailViewController.swift */,
			);
			path = ViewController;
			sourceTree = "<group>";
		};
		7B28CE1227B195F600C69C62 /* Presenter */ = {
			isa = PBXGroup;
			children = (
				7B28CE2327B1D08D00C69C62 /* ArticlePresenter.swift */,
			);
			path = Presenter;
			sourceTree = "<group>";
		};
		7B28CE1F27B1CBA800C69C62 /* Cell */ = {
			isa = PBXGroup;
			children = (
				7B28CE2027B1CC7D00C69C62 /* ArticlesTableViewCell.swift */,
			);
			path = Cell;
			sourceTree = "<group>";
		};
		7B28CE2227B1CEB100C69C62 /* UI */ = {
			isa = PBXGroup;
			children = (
				7B28CE1F27B1CBA800C69C62 /* Cell */,
				7B28CE1127B195EC00C69C62 /* ViewController */,
			);
			path = UI;
			sourceTree = "<group>";
		};
		7B28CE2527B1E47100C69C62 /* Extensions */ = {
			isa = PBXGroup;
			children = (
				7B28CE2627B1E47F00C69C62 /* Date.swift */,
			);
			path = Extensions;
			sourceTree = "<group>";
		};
		9AA524490A95E06A31E04796 /* Frameworks */ = {
			isa = PBXGroup;
			children = (
				9F735DEFD82BBC0E299C812B /* Pods_iNews.framework */,
			);
			name = Frameworks;
			sourceTree = "<group>";
		};
		B0539607A6DE7FAC0BE61F83 /* Pods */ = {
			isa = PBXGroup;
			children = (
				E1BD06E639EC52575D71547D /* Pods-iNews.debug.xcconfig */,
				8EF4933B2C4D4DB2C4AEC104 /* Pods-iNews.release.xcconfig */,
			);
			path = Pods;
			sourceTree = "<group>";
		};
/* End PBXGroup section */

/* Begin PBXNativeTarget section */
		7B28CDF427B1911600C69C62 /* iNews */ = {
			isa = PBXNativeTarget;
			buildConfigurationList = 7B28CE0C27B1911A00C69C62 /* Build configuration list for PBXNativeTarget "iNews" */;
			buildPhases = (
				3779BEC7D7DE46DC91DA8353 /* [CP] Check Pods Manifest.lock */,
				7B28CDF127B1911600C69C62 /* Sources */,
				7B28CDF227B1911600C69C62 /* Frameworks */,
				7B28CDF327B1911600C69C62 /* Resources */,
				ABBA60B5836884DC79D5AB38 /* [CP] Embed Pods Frameworks */,
			);
			buildRules = (
			);
			dependencies = (
			);
			name = iNews;
			productName = iNews;
			productReference = 7B28CDF527B1911600C69C62 /* iNews.app */;
			productType = "com.apple.product-type.application";
		};
/* End PBXNativeTarget section */

/* Begin PBXProject section */
		7B28CDED27B1911600C69C62 /* Project object */ = {
			isa = PBXProject;
			attributes = {
				BuildIndependentTargetsInParallel = 1;
				LastSwiftUpdateCheck = 1320;
				LastUpgradeCheck = 1320;
				TargetAttributes = {
					7B28CDF427B1911600C69C62 = {
						CreatedOnToolsVersion = 13.2.1;
					};
				};
			};
			buildConfigurationList = 7B28CDF027B1911600C69C62 /* Build configuration list for PBXProject "iNews" */;
			compatibilityVersion = "Xcode 13.0";
			developmentRegion = en;
			hasScannedForEncodings = 0;
			knownRegions = (
				en,
				Base,
			);
			mainGroup = 7B28CDEC27B1911600C69C62;
			productRefGroup = 7B28CDF627B1911600C69C62 /* Products */;
			projectDirPath = "";
			projectRoot = "";
			targets = (
				7B28CDF427B1911600C69C62 /* iNews */,
			);
		};
/* End PBXProject section */

/* Begin PBXResourcesBuildPhase section */
		7B28CDF327B1911600C69C62 /* Resources */ = {
			isa = PBXResourcesBuildPhase;
			buildActionMask = 2147483647;
			files = (
				7B28CE0827B1911A00C69C62 /* LaunchScreen.storyboard in Resources */,
				7B28CE0527B1911A00C69C62 /* Assets.xcassets in Resources */,
				7B28CE0027B1911600C69C62 /* Main.storyboard in Resources */,
			);
			runOnlyForDeploymentPostprocessing = 0;
		};
/* End PBXResourcesBuildPhase section */

/* Begin PBXShellScriptBuildPhase section */
		3779BEC7D7DE46DC91DA8353 /* [CP] Check Pods Manifest.lock */ = {
			isa = PBXShellScriptBuildPhase;
			buildActionMask = 2147483647;
			files = (
			);
			inputFileListPaths = (
			);
			inputPaths = (
				"${PODS_PODFILE_DIR_PATH}/Podfile.lock",
				"${PODS_ROOT}/Manifest.lock",
			);
			name = "[CP] Check Pods Manifest.lock";
			outputFileListPaths = (
			);
			outputPaths = (
				"$(DERIVED_FILE_DIR)/Pods-iNews-checkManifestLockResult.txt",
			);
			runOnlyForDeploymentPostprocessing = 0;
			shellPath = /bin/sh;
			shellScript = "diff \"${PODS_PODFILE_DIR_PATH}/Podfile.lock\" \"${PODS_ROOT}/Manifest.lock\" > /dev/null\nif [ $? != 0 ] ; then\n    # print error to STDERR\n    echo \"error: The sandbox is not in sync with the Podfile.lock. Run 'pod install' or update your CocoaPods installation.\" >&2\n    exit 1\nfi\n# This output is used by Xcode 'outputs' to avoid re-running this script phase.\necho \"SUCCESS\" > \"${SCRIPT_OUTPUT_FILE_0}\"\n";
			showEnvVarsInLog = 0;
		};
		ABBA60B5836884DC79D5AB38 /* [CP] Embed Pods Frameworks */ = {
			isa = PBXShellScriptBuildPhase;
			buildActionMask = 2147483647;
			files = (
			);
			inputFileListPaths = (
				"${PODS_ROOT}/Target Support Files/Pods-iNews/Pods-iNews-frameworks-${CONFIGURATION}-input-files.xcfilelist",
			);
			name = "[CP] Embed Pods Frameworks";
			outputFileListPaths = (
				"${PODS_ROOT}/Target Support Files/Pods-iNews/Pods-iNews-frameworks-${CONFIGURATION}-output-files.xcfilelist",
			);
			runOnlyForDeploymentPostprocessing = 0;
			shellPath = /bin/sh;
			shellScript = "\"${PODS_ROOT}/Target Support Files/Pods-iNews/Pods-iNews-frameworks.sh\"\n";
			showEnvVarsInLog = 0;
		};
/* End PBXShellScriptBuildPhase section */

/* Begin PBXSourcesBuildPhase section */
		7B28CDF127B1911600C69C62 /* Sources */ = {
			isa = PBXSourcesBuildPhase;
			buildActionMask = 2147483647;
			files = (
				7B28CE2127B1CC7D00C69C62 /* ArticlesTableViewCell.swift in Sources */,
				7B28CE1A27B1B0F400C69C62 /* Article.swift in Sources */,
				7B28CE1C27B1B34300C69C62 /* Result.swift in Sources */,
				7B28CE2427B1D08D00C69C62 /* ArticlePresenter.swift in Sources */,
				7B28CE0327B1911600C69C62 /* iNews.xcdatamodeld in Sources */,
				7B28CDFD27B1911600C69C62 /* ViewController.swift in Sources */,
				7B28CE1427B19A2F00C69C62 /* DetailViewController.swift in Sources */,
				7B28CE1627B1A4DD00C69C62 /* NewsCommunications.swift in Sources */,
				7B28CE2727B1E47F00C69C62 /* Date.swift in Sources */,
				7B28CDF927B1911600C69C62 /* AppDelegate.swift in Sources */,
				7B28CDFB27B1911600C69C62 /* SceneDelegate.swift in Sources */,
			);
			runOnlyForDeploymentPostprocessing = 0;
		};
/* End PBXSourcesBuildPhase section */

/* Begin PBXVariantGroup section */
		7B28CDFE27B1911600C69C62 /* Main.storyboard */ = {
			isa = PBXVariantGroup;
			children = (
				7B28CDFF27B1911600C69C62 /* Base */,
			);
			name = Main.storyboard;
			sourceTree = "<group>";
		};
		7B28CE0627B1911A00C69C62 /* LaunchScreen.storyboard */ = {
			isa = PBXVariantGroup;
			children = (
				7B28CE0727B1911A00C69C62 /* Base */,
			);
			name = LaunchScreen.storyboard;
			sourceTree = "<group>";
		};
/* End PBXVariantGroup section */

/* Begin XCBuildConfiguration section */
		7B28CE0A27B1911A00C69C62 /* Debug */ = {
			isa = XCBuildConfiguration;
			buildSettings = {
				ALWAYS_SEARCH_USER_PATHS = NO;
				CLANG_ANALYZER_NONNULL = YES;
				CLANG_ANALYZER_NUMBER_OBJECT_CONVERSION = YES_AGGRESSIVE;
				CLANG_CXX_LANGUAGE_STANDARD = "gnu++17";
				CLANG_CXX_LIBRARY = "libc++";
				CLANG_ENABLE_MODULES = YES;
				CLANG_ENABLE_OBJC_ARC = YES;
				CLANG_ENABLE_OBJC_WEAK = YES;
				CLANG_WARN_BLOCK_CAPTURE_AUTORELEASING = YES;
				CLANG_WARN_BOOL_CONVERSION = YES;
				CLANG_WARN_COMMA = YES;
				CLANG_WARN_CONSTANT_CONVERSION = YES;
				CLANG_WARN_DEPRECATED_OBJC_IMPLEMENTATIONS = YES;
				CLANG_WARN_DIRECT_OBJC_ISA_USAGE = YES_ERROR;
				CLANG_WARN_DOCUMENTATION_COMMENTS = YES;
				CLANG_WARN_EMPTY_BODY = YES;
				CLANG_WARN_ENUM_CONVERSION = YES;
				CLANG_WARN_INFINITE_RECURSION = YES;
				CLANG_WARN_INT_CONVERSION = YES;
				CLANG_WARN_NON_LITERAL_NULL_CONVERSION = YES;
				CLANG_WARN_OBJC_IMPLICIT_RETAIN_SELF = YES;
				CLANG_WARN_OBJC_LITERAL_CONVERSION = YES;
				CLANG_WARN_OBJC_ROOT_CLASS = YES_ERROR;
				CLANG_WARN_QUOTED_INCLUDE_IN_FRAMEWORK_HEADER = YES;
				CLANG_WARN_RANGE_LOOP_ANALYSIS = YES;
				CLANG_WARN_STRICT_PROTOTYPES = YES;
				CLANG_WARN_SUSPICIOUS_MOVE = YES;
				CLANG_WARN_UNGUARDED_AVAILABILITY = YES_AGGRESSIVE;
				CLANG_WARN_UNREACHABLE_CODE = YES;
				CLANG_WARN__DUPLICATE_METHOD_MATCH = YES;
				COPY_PHASE_STRIP = NO;
				DEBUG_INFORMATION_FORMAT = dwarf;
				ENABLE_STRICT_OBJC_MSGSEND = YES;
				ENABLE_TESTABILITY = YES;
				GCC_C_LANGUAGE_STANDARD = gnu11;
				GCC_DYNAMIC_NO_PIC = NO;
				GCC_NO_COMMON_BLOCKS = YES;
				GCC_OPTIMIZATION_LEVEL = 0;
				GCC_PREPROCESSOR_DEFINITIONS = (
					"DEBUG=1",
					"$(inherited)",
				);
				GCC_WARN_64_TO_32_BIT_CONVERSION = YES;
				GCC_WARN_ABOUT_RETURN_TYPE = YES_ERROR;
				GCC_WARN_UNDECLARED_SELECTOR = YES;
				GCC_WARN_UNINITIALIZED_AUTOS = YES_AGGRESSIVE;
				GCC_WARN_UNUSED_FUNCTION = YES;
				GCC_WARN_UNUSED_VARIABLE = YES;
				IPHONEOS_DEPLOYMENT_TARGET = 15.2;
				MTL_ENABLE_DEBUG_INFO = INCLUDE_SOURCE;
				MTL_FAST_MATH = YES;
				ONLY_ACTIVE_ARCH = YES;
				SDKROOT = iphoneos;
				SWIFT_ACTIVE_COMPILATION_CONDITIONS = DEBUG;
				SWIFT_OPTIMIZATION_LEVEL = "-Onone";
			};
			name = Debug;
		};
		7B28CE0B27B1911A00C69C62 /* Release */ = {
			isa = XCBuildConfiguration;
			buildSettings = {
				ALWAYS_SEARCH_USER_PATHS = NO;
				CLANG_ANALYZER_NONNULL = YES;
				CLANG_ANALYZER_NUMBER_OBJECT_CONVERSION = YES_AGGRESSIVE;
				CLANG_CXX_LANGUAGE_STANDARD = "gnu++17";
				CLANG_CXX_LIBRARY = "libc++";
				CLANG_ENABLE_MODULES = YES;
				CLANG_ENABLE_OBJC_ARC = YES;
				CLANG_ENABLE_OBJC_WEAK = YES;
				CLANG_WARN_BLOCK_CAPTURE_AUTORELEASING = YES;
				CLANG_WARN_BOOL_CONVERSION = YES;
				CLANG_WARN_COMMA = YES;
				CLANG_WARN_CONSTANT_CONVERSION = YES;
				CLANG_WARN_DEPRECATED_OBJC_IMPLEMENTATIONS = YES;
				CLANG_WARN_DIRECT_OBJC_ISA_USAGE = YES_ERROR;
				CLANG_WARN_DOCUMENTATION_COMMENTS = YES;
				CLANG_WARN_EMPTY_BODY = YES;
				CLANG_WARN_ENUM_CONVERSION = YES;
				CLANG_WARN_INFINITE_RECURSION = YES;
				CLANG_WARN_INT_CONVERSION = YES;
				CLANG_WARN_NON_LITERAL_NULL_CONVERSION = YES;
				CLANG_WARN_OBJC_IMPLICIT_RETAIN_SELF = YES;
				CLANG_WARN_OBJC_LITERAL_CONVERSION = YES;
				CLANG_WARN_OBJC_ROOT_CLASS = YES_ERROR;
				CLANG_WARN_QUOTED_INCLUDE_IN_FRAMEWORK_HEADER = YES;
				CLANG_WARN_RANGE_LOOP_ANALYSIS = YES;
				CLANG_WARN_STRICT_PROTOTYPES = YES;
				CLANG_WARN_SUSPICIOUS_MOVE = YES;
				CLANG_WARN_UNGUARDED_AVAILABILITY = YES_AGGRESSIVE;
				CLANG_WARN_UNREACHABLE_CODE = YES;
				CLANG_WARN__DUPLICATE_METHOD_MATCH = YES;
				COPY_PHASE_STRIP = NO;
				DEBUG_INFORMATION_FORMAT = "dwarf-with-dsym";
				ENABLE_NS_ASSERTIONS = NO;
				ENABLE_STRICT_OBJC_MSGSEND = YES;
				GCC_C_LANGUAGE_STANDARD = gnu11;
				GCC_NO_COMMON_BLOCKS = YES;
				GCC_WARN_64_TO_32_BIT_CONVERSION = YES;
				GCC_WARN_ABOUT_RETURN_TYPE = YES_ERROR;
				GCC_WARN_UNDECLARED_SELECTOR = YES;
				GCC_WARN_UNINITIALIZED_AUTOS = YES_AGGRESSIVE;
				GCC_WARN_UNUSED_FUNCTION = YES;
				GCC_WARN_UNUSED_VARIABLE = YES;
				IPHONEOS_DEPLOYMENT_TARGET = 15.2;
				MTL_ENABLE_DEBUG_INFO = NO;
				MTL_FAST_MATH = YES;
				SDKROOT = iphoneos;
				SWIFT_COMPILATION_MODE = wholemodule;
				SWIFT_OPTIMIZATION_LEVEL = "-O";
				VALIDATE_PRODUCT = YES;
			};
			name = Release;
		};
		7B28CE0D27B1911A00C69C62 /* Debug */ = {
			isa = XCBuildConfiguration;
			baseConfigurationReference = E1BD06E639EC52575D71547D /* Pods-iNews.debug.xcconfig */;
			buildSettings = {
				ASSETCATALOG_COMPILER_APPICON_NAME = AppIcon;
				ASSETCATALOG_COMPILER_GLOBAL_ACCENT_COLOR_NAME = AccentColor;
				CODE_SIGN_STYLE = Automatic;
				CURRENT_PROJECT_VERSION = 1;
				DEVELOPMENT_TEAM = WVR9R599NX;
				GENERATE_INFOPLIST_FILE = YES;
				INFOPLIST_FILE = iNews/Info.plist;
				INFOPLIST_KEY_UIApplicationSupportsIndirectInputEvents = YES;
				INFOPLIST_KEY_UILaunchStoryboardName = LaunchScreen;
				INFOPLIST_KEY_UIMainStoryboardFile = Main;
				INFOPLIST_KEY_UISupportedInterfaceOrientations_iPad = "UIInterfaceOrientationPortrait UIInterfaceOrientationPortraitUpsideDown UIInterfaceOrientationLandscapeLeft UIInterfaceOrientationLandscapeRight";
				INFOPLIST_KEY_UISupportedInterfaceOrientations_iPhone = "UIInterfaceOrientationPortrait UIInterfaceOrientationLandscapeLeft UIInterfaceOrientationLandscapeRight";
				LD_RUNPATH_SEARCH_PATHS = (
					"$(inherited)",
					"@executable_path/Frameworks",
				);
				MARKETING_VERSION = 1.0;
				PRODUCT_BUNDLE_IDENTIFIER = Unisys.iNews.ToniDeGea.iNews;
				PRODUCT_NAME = "$(TARGET_NAME)";
				SWIFT_EMIT_LOC_STRINGS = YES;
				SWIFT_VERSION = 5.0;
				TARGETED_DEVICE_FAMILY = "1,2";
			};
			name = Debug;
		};
		7B28CE0E27B1911A00C69C62 /* Release */ = {
			isa = XCBuildConfiguration;
			baseConfigurationReference = 8EF4933B2C4D4DB2C4AEC104 /* Pods-iNews.release.xcconfig */;
			buildSettings = {
				ASSETCATALOG_COMPILER_APPICON_NAME = AppIcon;
				ASSETCATALOG_COMPILER_GLOBAL_ACCENT_COLOR_NAME = AccentColor;
				CODE_SIGN_STYLE = Automatic;
				CURRENT_PROJECT_VERSION = 1;
				DEVELOPMENT_TEAM = WVR9R599NX;
				GENERATE_INFOPLIST_FILE = YES;
				INFOPLIST_FILE = iNews/Info.plist;
				INFOPLIST_KEY_UIApplicationSupportsIndirectInputEvents = YES;
				INFOPLIST_KEY_UILaunchStoryboardName = LaunchScreen;
				INFOPLIST_KEY_UIMainStoryboardFile = Main;
				INFOPLIST_KEY_UISupportedInterfaceOrientations_iPad = "UIInterfaceOrientationPortrait UIInterfaceOrientationPortraitUpsideDown UIInterfaceOrientationLandscapeLeft UIInterfaceOrientationLandscapeRight";
				INFOPLIST_KEY_UISupportedInterfaceOrientations_iPhone = "UIInterfaceOrientationPortrait UIInterfaceOrientationLandscapeLeft UIInterfaceOrientationLandscapeRight";
				LD_RUNPATH_SEARCH_PATHS = (
					"$(inherited)",
					"@executable_path/Frameworks",
				);
				MARKETING_VERSION = 1.0;
				PRODUCT_BUNDLE_IDENTIFIER = Unisys.iNews.ToniDeGea.iNews;
				PRODUCT_NAME = "$(TARGET_NAME)";
				SWIFT_EMIT_LOC_STRINGS = YES;
				SWIFT_VERSION = 5.0;
				TARGETED_DEVICE_FAMILY = "1,2";
			};
			name = Release;
		};
/* End XCBuildConfiguration section */

/* Begin XCConfigurationList section */
		7B28CDF027B1911600C69C62 /* Build configuration list for PBXProject "iNews" */ = {
			isa = XCConfigurationList;
			buildConfigurations = (
				7B28CE0A27B1911A00C69C62 /* Debug */,
				7B28CE0B27B1911A00C69C62 /* Release */,
			);
			defaultConfigurationIsVisible = 0;
			defaultConfigurationName = Release;
		};
		7B28CE0C27B1911A00C69C62 /* Build configuration list for PBXNativeTarget "iNews" */ = {
			isa = XCConfigurationList;
			buildConfigurations = (
				7B28CE0D27B1911A00C69C62 /* Debug */,
				7B28CE0E27B1911A00C69C62 /* Release */,
			);
			defaultConfigurationIsVisible = 0;
			defaultConfigurationName = Release;
		};
/* End XCConfigurationList section */

/* Begin XCVersionGroup section */
		7B28CE0127B1911600C69C62 /* iNews.xcdatamodeld */ = {
			isa = XCVersionGroup;
			children = (
				7B28CE0227B1911600C69C62 /* iNews.xcdatamodel */,
			);
			currentVersion = 7B28CE0227B1911600C69C62 /* iNews.xcdatamodel */;
			path = iNews.xcdatamodeld;
			sourceTree = "<group>";
			versionGroupType = wrapper.xcdatamodel;
		};
/* End XCVersionGroup section */
	};
	rootObject = 7B28CDED27B1911600C69C62 /* Project object */;
}
